
Microsoft Visual Studio Solution File, Format Version 12.00
# Visual Studio Version 17
VisualStudioVersion = 17.11.35327.3
MinimumVisualStudioVersion = 10.0.40219.1
Project("{FAE04EC0-301F-11D3-BF4B-00C04F79EFBC}") = "App", "App\App.csproj", "{2DA88036-645E-405F-B0BA-2AF3CEBE579F}"
EndProject
Project("{9A19103F-16F7-4668-BE54-9A1E7A4F7556}") = "Lib", "Lib\Lib.csproj", "{58ABE7BC-2242-4125-B189-A4A46D1F5806}"
EndProject
Global
	GlobalSection(SolutionConfigurationPlatforms) = preSolution
		Debug|Any CPU = Debug|Any CPU
		Release|Any CPU = Release|Any CPU
	EndGlobalSection
	GlobalSection(ProjectConfigurationPlatforms) = postSolution
		{2DA88036-645E-405F-B0BA-2AF3CEBE579F}.Debug|Any CPU.ActiveCfg = Debug|Any CPU
		{2DA88036-645E-405F-B0BA-2AF3CEBE579F}.Debug|Any CPU.Build.0 = Debug|Any CPU
		{2DA88036-645E-405F-B0BA-2AF3CEBE579F}.Release|Any CPU.ActiveCfg = Release|Any CPU
		{2DA88036-645E-405F-B0BA-2AF3CEBE579F}.Release|Any CPU.Build.0 = Release|Any CPU
		{58ABE7BC-2242-4125-B189-A4A46D1F5806}.Debug|Any CPU.ActiveCfg = Debug|Any CPU
		{58ABE7BC-2242-4125-B189-A4A46D1F5806}.Debug|Any CPU.Build.0 = Debug|Any CPU
		{58ABE7BC-2242-4125-B189-A4A46D1F5806}.Release|Any CPU.ActiveCfg = Release|Any CPU
		{58ABE7BC-2242-4125-B189-A4A46D1F5806}.Release|Any CPU.Build.0 = Release|Any CPU
	EndGlobalSection
	GlobalSection(SolutionProperties) = preSolution
		HideSolutionNode = FALSE
	EndGlobalSection
	GlobalSection(ExtensibilityGlobals) = postSolution
		SolutionGuid = {823629C4-B466-480A-80F3-32C6914ABE2A}
	EndGlobalSection
EndGlobal
